// !$*UTF8*$!
{
	archiveVersion = 1;
	classes = {
	};
	objectVersion = 50;
	objects = {

/* Begin PBXBuildFile section */
		BE487986214A6E28006606C5 /* ZoneMapDetailViewController.swift in Sources */ = {isa = PBXBuildFile; fileRef = BE487985214A6E28006606C5 /* ZoneMapDetailViewController.swift */; };
		BEBA63C8214EC2A800BBB6CE /* ModifyProfileViewController.swift in Sources */ = {isa = PBXBuildFile; fileRef = BEBA63C7214EC2A800BBB6CE /* ModifyProfileViewController.swift */; };
		BEBE0FC3214B974F00B7601F /* FollowingDetailViewController.swift in Sources */ = {isa = PBXBuildFile; fileRef = BEBE0FC2214B974E00B7601F /* FollowingDetailViewController.swift */; };
		BEBE0FC5214B9D5E00B7601F /* FollowingDetailCollectionViewCell.swift in Sources */ = {isa = PBXBuildFile; fileRef = BEBE0FC4214B9D5E00B7601F /* FollowingDetailCollectionViewCell.swift */; };
		BEBE0FCC214BC94400B7601F /* FollowingMemberViewController.swift in Sources */ = {isa = PBXBuildFile; fileRef = BEBE0FCB214BC94400B7601F /* FollowingMemberViewController.swift */; };
		BEBE0FD0214CE84500B7601F /* ReviewDetailViewController.swift in Sources */ = {isa = PBXBuildFile; fileRef = BEBE0FCF214CE84500B7601F /* ReviewDetailViewController.swift */; };
		BEBE0FD2214CEB4E00B7601F /* ReviewCreateViewController.swift in Sources */ = {isa = PBXBuildFile; fileRef = BEBE0FD1214CEB4E00B7601F /* ReviewCreateViewController.swift */; };
		BEBE0FD4214D562000B7601F /* ReviewDetailCollectionViewCell.swift in Sources */ = {isa = PBXBuildFile; fileRef = BEBE0FD3214D562000B7601F /* ReviewDetailCollectionViewCell.swift */; };
		BEBE0FD6214D64D400B7601F /* MemberReview.swift in Sources */ = {isa = PBXBuildFile; fileRef = BEBE0FD5214D64D400B7601F /* MemberReview.swift */; };
		BED7CA6E21479C0000730650 /* AppDelegate.swift in Sources */ = {isa = PBXBuildFile; fileRef = BED7CA6D21479C0000730650 /* AppDelegate.swift */; };
		BED7CA7321479C0000730650 /* Main.storyboard in Resources */ = {isa = PBXBuildFile; fileRef = BED7CA7121479C0000730650 /* Main.storyboard */; };
		BED7CA7521479C0100730650 /* Assets.xcassets in Resources */ = {isa = PBXBuildFile; fileRef = BED7CA7421479C0100730650 /* Assets.xcassets */; };
		BED7CA7821479C0100730650 /* LaunchScreen.storyboard in Resources */ = {isa = PBXBuildFile; fileRef = BED7CA7621479C0100730650 /* LaunchScreen.storyboard */; };
		BED7CA8021479D6500730650 /* ApiGatewayMac.framework in Frameworks */ = {isa = PBXBuildFile; fileRef = BED7CA7F21479D6500730650 /* ApiGatewayMac.framework */; };
		BED7CA8121479D6500730650 /* ApiGatewayMac.framework in Embed Frameworks */ = {isa = PBXBuildFile; fileRef = BED7CA7F21479D6500730650 /* ApiGatewayMac.framework */; settings = {ATTRIBUTES = (CodeSignOnCopy, RemoveHeadersOnCopy, ); }; };
		BED7CA8421479D7000730650 /* NMapViewerSDK.framework in Frameworks */ = {isa = PBXBuildFile; fileRef = BED7CA8321479D6F00730650 /* NMapViewerSDK.framework */; };
		BED7CAFF2147A85F00730650 /* NotoSansCJKkr-Bold.otf in Resources */ = {isa = PBXBuildFile; fileRef = BED7CAF92147A85F00730650 /* NotoSansCJKkr-Bold.otf */; };
		BED7CB002147A85F00730650 /* NotoSansCJKkr-Regular.otf in Resources */ = {isa = PBXBuildFile; fileRef = BED7CAFA2147A85F00730650 /* NotoSansCJKkr-Regular.otf */; };
		BED7CB012147A85F00730650 /* NotoSansCJKkr-Medium.otf in Resources */ = {isa = PBXBuildFile; fileRef = BED7CAFB2147A85F00730650 /* NotoSansCJKkr-Medium.otf */; };
		BED7CB022147A85F00730650 /* NotoSans-Bold.ttf in Resources */ = {isa = PBXBuildFile; fileRef = BED7CAFC2147A85F00730650 /* NotoSans-Bold.ttf */; };
		BED7CB032147A85F00730650 /* NotoSans-Regular.ttf in Resources */ = {isa = PBXBuildFile; fileRef = BED7CAFD2147A85F00730650 /* NotoSans-Regular.ttf */; };
		BED7CB042147A85F00730650 /* NotoSansCJKkr-Black.otf in Resources */ = {isa = PBXBuildFile; fileRef = BED7CAFE2147A85F00730650 /* NotoSansCJKkr-Black.otf */; };
		BED7CB072147B00A00730650 /* CalendarPopUpViewController.swift in Sources */ = {isa = PBXBuildFile; fileRef = BED7CB052147B00900730650 /* CalendarPopUpViewController.swift */; };
		BED7CB082147B00A00730650 /* DefaultPopUpViewController.swift in Sources */ = {isa = PBXBuildFile; fileRef = BED7CB062147B00A00730650 /* DefaultPopUpViewController.swift */; };
		BED7CB1A2147B02800730650 /* SelectTypeViewController.swift in Sources */ = {isa = PBXBuildFile; fileRef = BED7CB092147B01900730650 /* SelectTypeViewController.swift */; };
		BED7CB1B2147B02800730650 /* TimeTableViewController.swift in Sources */ = {isa = PBXBuildFile; fileRef = BED7CB0A2147B01A00730650 /* TimeTableViewController.swift */; };
		BED7CB1C2147B02800730650 /* HomeViewController.swift in Sources */ = {isa = PBXBuildFile; fileRef = BED7CB0B2147B01C00730650 /* HomeViewController.swift */; };
		BED7CB1D2147B02800730650 /* MemberInfoViewController.swift in Sources */ = {isa = PBXBuildFile; fileRef = BED7CB0C2147B01D00730650 /* MemberInfoViewController.swift */; };
		BED7CB1E2147B02800730650 /* CategoryViewController.swift in Sources */ = {isa = PBXBuildFile; fileRef = BED7CB0D2147B01E00730650 /* CategoryViewController.swift */; };
		BED7CB1F2147B02800730650 /* MapSearchViewController.swift in Sources */ = {isa = PBXBuildFile; fileRef = BED7CB0E2147B01F00730650 /* MapSearchViewController.swift */; };
		BED7CB202147B02800730650 /* NextSegue.swift in Sources */ = {isa = PBXBuildFile; fileRef = BED7CB0F2147B02000730650 /* NextSegue.swift */; };
		BED7CB212147B02800730650 /* SearchMemberViewController.swift in Sources */ = {isa = PBXBuildFile; fileRef = BED7CB102147B02200730650 /* SearchMemberViewController.swift */; };
		BED7CB222147B02800730650 /* RankingViewController.swift in Sources */ = {isa = PBXBuildFile; fileRef = BED7CB112147B02200730650 /* RankingViewController.swift */; };
		BED7CB232147B02800730650 /* BuskingZoneMapViewController.swift in Sources */ = {isa = PBXBuildFile; fileRef = BED7CB122147B02400730650 /* BuskingZoneMapViewController.swift */; };
		BED7CB242147B02800730650 /* ReservationViewController.swift in Sources */ = {isa = PBXBuildFile; fileRef = BED7CB132147B02400730650 /* ReservationViewController.swift */; };
		BED7CB252147B02800730650 /* SignInViewController.swift in Sources */ = {isa = PBXBuildFile; fileRef = BED7CB142147B02500730650 /* SignInViewController.swift */; };
		BED7CB262147B02800730650 /* selectBoroughViewController.swift in Sources */ = {isa = PBXBuildFile; fileRef = BED7CB152147B02600730650 /* selectBoroughViewController.swift */; };
		BED7CB272147B02800730650 /* BuskingZoneListViewController.swift in Sources */ = {isa = PBXBuildFile; fileRef = BED7CB162147B02600730650 /* BuskingZoneListViewController.swift */; };
		BED7CB282147B02800730650 /* MapViewController.swift in Sources */ = {isa = PBXBuildFile; fileRef = BED7CB172147B02700730650 /* MapViewController.swift */; };
		BED7CB292147B02800730650 /* SignUpViewController.swift in Sources */ = {isa = PBXBuildFile; fileRef = BED7CB182147B02700730650 /* SignUpViewController.swift */; };
		BED7CB2A2147B02800730650 /* BoroughListViewController.swift in Sources */ = {isa = PBXBuildFile; fileRef = BED7CB192147B02800730650 /* BoroughListViewController.swift */; };
		BED7CB3B2147B04300730650 /* SelectBuskingZoneCntCollectionViewCell.swift in Sources */ = {isa = PBXBuildFile; fileRef = BED7CB2B2147B03B00730650 /* SelectBuskingZoneCntCollectionViewCell.swift */; };
		BED7CB3C2147B04300730650 /* CalendarCollectionViewCell.swift in Sources */ = {isa = PBXBuildFile; fileRef = BED7CB2C2147B03C00730650 /* CalendarCollectionViewCell.swift */; };
		BED7CB3D2147B04300730650 /* selectCategoryCollectionViewCell.swift in Sources */ = {isa = PBXBuildFile; fileRef = BED7CB2D2147B03C00730650 /* selectCategoryCollectionViewCell.swift */; };
		BED7CB3E2147B04300730650 /* BuskingZoneCollectionViewCell.swift in Sources */ = {isa = PBXBuildFile; fileRef = BED7CB2E2147B03D00730650 /* BuskingZoneCollectionViewCell.swift */; };
		BED7CB3F2147B04300730650 /* RankingSelect1CollectionViewCell.swift in Sources */ = {isa = PBXBuildFile; fileRef = BED7CB2F2147B03D00730650 /* RankingSelect1CollectionViewCell.swift */; };
		BED7CB402147B04300730650 /* RankingMemberCollectionViewCell.swift in Sources */ = {isa = PBXBuildFile; fileRef = BED7CB302147B03E00730650 /* RankingMemberCollectionViewCell.swift */; };
		BED7CB412147B04300730650 /* MapSearchBuskingZoneCollectionViewCell.swift in Sources */ = {isa = PBXBuildFile; fileRef = BED7CB312147B03F00730650 /* MapSearchBuskingZoneCollectionViewCell.swift */; };
		BED7CB422147B04300730650 /* MemberCollectionViewCell.swift in Sources */ = {isa = PBXBuildFile; fileRef = BED7CB322147B03F00730650 /* MemberCollectionViewCell.swift */; };
		BED7CB432147B04300730650 /* SelectBuskingZoneCollectionViewCell.swift in Sources */ = {isa = PBXBuildFile; fileRef = BED7CB332147B04000730650 /* SelectBuskingZoneCollectionViewCell.swift */; };
		BED7CB442147B04300730650 /* TimeTableCollectionViewCell.swift in Sources */ = {isa = PBXBuildFile; fileRef = BED7CB342147B04000730650 /* TimeTableCollectionViewCell.swift */; };
		BED7CB452147B04300730650 /* MapSearchBoroughCollectionViewCell.swift in Sources */ = {isa = PBXBuildFile; fileRef = BED7CB352147B04100730650 /* MapSearchBoroughCollectionViewCell.swift */; };
		BED7CB462147B04300730650 /* HomeCalendarCollectionViewCell.swift in Sources */ = {isa = PBXBuildFile; fileRef = BED7CB362147B04100730650 /* HomeCalendarCollectionViewCell.swift */; };
		BED7CB472147B04300730650 /* RankingSelect2CollectionViewCell.swift in Sources */ = {isa = PBXBuildFile; fileRef = BED7CB372147B04100730650 /* RankingSelect2CollectionViewCell.swift */; };
		BED7CB482147B04300730650 /* ReservationCollectionViewCell.swift in Sources */ = {isa = PBXBuildFile; fileRef = BED7CB382147B04200730650 /* ReservationCollectionViewCell.swift */; };
		BED7CB492147B04300730650 /* SelectBoroughCollectionViewCell.swift in Sources */ = {isa = PBXBuildFile; fileRef = BED7CB392147B04200730650 /* SelectBoroughCollectionViewCell.swift */; };
		BED7CB4A2147B04300730650 /* ReservationCategoryCollectionViewCell.swift in Sources */ = {isa = PBXBuildFile; fileRef = BED7CB3A2147B04300730650 /* ReservationCategoryCollectionViewCell.swift */; };
		BED7CB4D2147B05400730650 /* Server.swift in Sources */ = {isa = PBXBuildFile; fileRef = BED7CB4B2147B05300730650 /* Server.swift */; };
		BED7CB4E2147B05400730650 /* APIservice.swift in Sources */ = {isa = PBXBuildFile; fileRef = BED7CB4C2147B05400730650 /* APIservice.swift */; };
		BED7CB5B2147B06500730650 /* BuskingZoneListAll.swift in Sources */ = {isa = PBXBuildFile; fileRef = BED7CB4F2147B06000730650 /* BuskingZoneListAll.swift */; };
		BED7CB5C2147B06500730650 /* CurrentReservationListAll.swift in Sources */ = {isa = PBXBuildFile; fileRef = BED7CB502147B06000730650 /* CurrentReservationListAll.swift */; };
		BED7CB5D2147B06500730650 /* MemberList.swift in Sources */ = {isa = PBXBuildFile; fileRef = BED7CB512147B06100730650 /* MemberList.swift */; };
		BED7CB5E2147B06500730650 /* Member.swift in Sources */ = {isa = PBXBuildFile; fileRef = BED7CB522147B06100730650 /* Member.swift */; };
		BED7CB5F2147B06500730650 /* BuskingZone.swift in Sources */ = {isa = PBXBuildFile; fileRef = BED7CB532147B06100730650 /* BuskingZone.swift */; };
		BED7CB602147B06500730650 /* CustomCalendar.swift in Sources */ = {isa = PBXBuildFile; fileRef = BED7CB542147B06200730650 /* CustomCalendar.swift */; };
		BED7CB612147B06500730650 /* MemberRepresentativeBorough.swift in Sources */ = {isa = PBXBuildFile; fileRef = BED7CB552147B06200730650 /* MemberRepresentativeBorough.swift */; };
		BED7CB622147B06500730650 /* Ranking.swift in Sources */ = {isa = PBXBuildFile; fileRef = BED7CB562147B06300730650 /* Ranking.swift */; };
		BED7CB632147B06500730650 /* Borough.swift in Sources */ = {isa = PBXBuildFile; fileRef = BED7CB572147B06300730650 /* Borough.swift */; };
		BED7CB642147B06500730650 /* Reservation.swift in Sources */ = {isa = PBXBuildFile; fileRef = BED7CB582147B06400730650 /* Reservation.swift */; };
		BED7CB652147B06500730650 /* ToggleBtn.swift in Sources */ = {isa = PBXBuildFile; fileRef = BED7CB592147B06400730650 /* ToggleBtn.swift */; };
		BED7CB662147B06500730650 /* ReservationPossibility.swift in Sources */ = {isa = PBXBuildFile; fileRef = BED7CB5A2147B06500730650 /* ReservationPossibility.swift */; };
		BED7CB6A2147B07500730650 /* Extension.swift in Sources */ = {isa = PBXBuildFile; fileRef = BED7CB672147B07500730650 /* Extension.swift */; };
		BED7CB6B2147B07500730650 /* NMapViewResources.swift in Sources */ = {isa = PBXBuildFile; fileRef = BED7CB682147B07500730650 /* NMapViewResources.swift */; };
		BED7CB6C2147B07500730650 /* CalendarVars.swift in Sources */ = {isa = PBXBuildFile; fileRef = BED7CB692147B07500730650 /* CalendarVars.swift */; };
		BED7CB6E2147C2C300730650 /* MemberInfoBasic.swift in Sources */ = {isa = PBXBuildFile; fileRef = BED7CB6D2147C2C300730650 /* MemberInfoBasic.swift */; };
		BED7CB702148F72800730650 /* FollowingScheduleCollectionViewCell.swift in Sources */ = {isa = PBXBuildFile; fileRef = BED7CB6F2148F72800730650 /* FollowingScheduleCollectionViewCell.swift */; };
		BED7CB722148FD1600730650 /* MyReservationCollectionViewCell.swift in Sources */ = {isa = PBXBuildFile; fileRef = BED7CB712148FD1600730650 /* MyReservationCollectionViewCell.swift */; };
		BED7CB74214903FE00730650 /* ReviewCollectionViewCell.swift in Sources */ = {isa = PBXBuildFile; fileRef = BED7CB73214903FE00730650 /* ReviewCollectionViewCell.swift */; };
		BED7CB762149152E00730650 /* MemberReservation.swift in Sources */ = {isa = PBXBuildFile; fileRef = BED7CB752149152E00730650 /* MemberReservation.swift */; };
		BED7CB782149536B00730650 /* MemberFollowingReservation.swift in Sources */ = {isa = PBXBuildFile; fileRef = BED7CB772149536B00730650 /* MemberFollowingReservation.swift */; };
		BED7CB7A21496F0E00730650 /* ReservationDetailViewController.swift in Sources */ = {isa = PBXBuildFile; fileRef = BED7CB7921496F0E00730650 /* ReservationDetailViewController.swift */; };
		BED7CB7C21497BA500730650 /* ReservationDetailCollectionViewCell.swift in Sources */ = {isa = PBXBuildFile; fileRef = BED7CB7B21497BA500730650 /* ReservationDetailCollectionViewCell.swift */; };
		D9FAB110D7EF4C3CB6BD12B9 /* Pods_Seoul_Busking_iOS.framework in Frameworks */ = {isa = PBXBuildFile; fileRef = 0A1D4F28A6473D3C14F20FAC /* Pods_Seoul_Busking_iOS.framework */; };
/* End PBXBuildFile section */

/* Begin PBXCopyFilesBuildPhase section */
		BED7CA8221479D6500730650 /* Embed Frameworks */ = {
			isa = PBXCopyFilesBuildPhase;
			buildActionMask = 2147483647;
			dstPath = "";
			dstSubfolderSpec = 10;
			files = (
				BED7CA8121479D6500730650 /* ApiGatewayMac.framework in Embed Frameworks */,
			);
			name = "Embed Frameworks";
			runOnlyForDeploymentPostprocessing = 0;
		};
/* End PBXCopyFilesBuildPhase section */

/* Begin PBXFileReference section */
		0A1D4F28A6473D3C14F20FAC /* Pods_Seoul_Busking_iOS.framework */ = {isa = PBXFileReference; explicitFileType = wrapper.framework; includeInIndex = 0; path = Pods_Seoul_Busking_iOS.framework; sourceTree = BUILT_PRODUCTS_DIR; };
		0DD917AC851E3EF310E5C113 /* Pods-Seoul_Busking_iOS.release.xcconfig */ = {isa = PBXFileReference; includeInIndex = 1; lastKnownFileType = text.xcconfig; name = "Pods-Seoul_Busking_iOS.release.xcconfig"; path = "Pods/Target Support Files/Pods-Seoul_Busking_iOS/Pods-Seoul_Busking_iOS.release.xcconfig"; sourceTree = "<group>"; };
		5F84945DD247A4E5408F57BE /* Pods-Seoul_Busking_iOS.debug.xcconfig */ = {isa = PBXFileReference; includeInIndex = 1; lastKnownFileType = text.xcconfig; name = "Pods-Seoul_Busking_iOS.debug.xcconfig"; path = "Pods/Target Support Files/Pods-Seoul_Busking_iOS/Pods-Seoul_Busking_iOS.debug.xcconfig"; sourceTree = "<group>"; };
		BE487985214A6E28006606C5 /* ZoneMapDetailViewController.swift */ = {isa = PBXFileReference; lastKnownFileType = sourcecode.swift; path = ZoneMapDetailViewController.swift; sourceTree = "<group>"; };
		BEBA63C7214EC2A800BBB6CE /* ModifyProfileViewController.swift */ = {isa = PBXFileReference; lastKnownFileType = sourcecode.swift; path = ModifyProfileViewController.swift; sourceTree = "<group>"; };
		BEBE0FC2214B974E00B7601F /* FollowingDetailViewController.swift */ = {isa = PBXFileReference; lastKnownFileType = sourcecode.swift; path = FollowingDetailViewController.swift; sourceTree = "<group>"; };
		BEBE0FC4214B9D5E00B7601F /* FollowingDetailCollectionViewCell.swift */ = {isa = PBXFileReference; lastKnownFileType = sourcecode.swift; path = FollowingDetailCollectionViewCell.swift; sourceTree = "<group>"; };
		BEBE0FCB214BC94400B7601F /* FollowingMemberViewController.swift */ = {isa = PBXFileReference; lastKnownFileType = sourcecode.swift; path = FollowingMemberViewController.swift; sourceTree = "<group>"; };
		BEBE0FCF214CE84500B7601F /* ReviewDetailViewController.swift */ = {isa = PBXFileReference; lastKnownFileType = sourcecode.swift; path = ReviewDetailViewController.swift; sourceTree = "<group>"; };
		BEBE0FD1214CEB4E00B7601F /* ReviewCreateViewController.swift */ = {isa = PBXFileReference; lastKnownFileType = sourcecode.swift; path = ReviewCreateViewController.swift; sourceTree = "<group>"; };
		BEBE0FD3214D562000B7601F /* ReviewDetailCollectionViewCell.swift */ = {isa = PBXFileReference; lastKnownFileType = sourcecode.swift; path = ReviewDetailCollectionViewCell.swift; sourceTree = "<group>"; };
		BEBE0FD5214D64D400B7601F /* MemberReview.swift */ = {isa = PBXFileReference; lastKnownFileType = sourcecode.swift; path = MemberReview.swift; sourceTree = "<group>"; };
		BED7CA6A21479C0000730650 /* Seoul_Busking_iOS.app */ = {isa = PBXFileReference; explicitFileType = wrapper.application; includeInIndex = 0; path = Seoul_Busking_iOS.app; sourceTree = BUILT_PRODUCTS_DIR; };
		BED7CA6D21479C0000730650 /* AppDelegate.swift */ = {isa = PBXFileReference; lastKnownFileType = sourcecode.swift; path = AppDelegate.swift; sourceTree = "<group>"; };
		BED7CA7221479C0000730650 /* Base */ = {isa = PBXFileReference; lastKnownFileType = file.storyboard; name = Base; path = Base.lproj/Main.storyboard; sourceTree = "<group>"; };
		BED7CA7421479C0100730650 /* Assets.xcassets */ = {isa = PBXFileReference; lastKnownFileType = folder.assetcatalog; path = Assets.xcassets; sourceTree = "<group>"; };
		BED7CA7721479C0100730650 /* Base */ = {isa = PBXFileReference; lastKnownFileType = file.storyboard; name = Base; path = Base.lproj/LaunchScreen.storyboard; sourceTree = "<group>"; };
		BED7CA7921479C0100730650 /* Info.plist */ = {isa = PBXFileReference; lastKnownFileType = text.plist.xml; path = Info.plist; sourceTree = "<group>"; };
		BED7CA7F21479D6500730650 /* ApiGatewayMac.framework */ = {isa = PBXFileReference; lastKnownFileType = wrapper.framework; name = ApiGatewayMac.framework; path = Frameworks/ApiGatewayMac.framework; sourceTree = "<group>"; };
		BED7CA8321479D6F00730650 /* NMapViewerSDK.framework */ = {isa = PBXFileReference; lastKnownFileType = wrapper.framework; name = NMapViewerSDK.framework; path = Frameworks/NMapViewerSDK.framework; sourceTree = "<group>"; };
		BED7CA8621479DBB00730650 /* NMapHeader.h */ = {isa = PBXFileReference; lastKnownFileType = sourcecode.c.h; path = NMapHeader.h; sourceTree = "<group>"; };
		BED7CAF92147A85F00730650 /* NotoSansCJKkr-Bold.otf */ = {isa = PBXFileReference; lastKnownFileType = file; path = "NotoSansCJKkr-Bold.otf"; sourceTree = "<group>"; };
		BED7CAFA2147A85F00730650 /* NotoSansCJKkr-Regular.otf */ = {isa = PBXFileReference; lastKnownFileType = file; path = "NotoSansCJKkr-Regular.otf"; sourceTree = "<group>"; };
		BED7CAFB2147A85F00730650 /* NotoSansCJKkr-Medium.otf */ = {isa = PBXFileReference; lastKnownFileType = file; path = "NotoSansCJKkr-Medium.otf"; sourceTree = "<group>"; };
		BED7CAFC2147A85F00730650 /* NotoSans-Bold.ttf */ = {isa = PBXFileReference; lastKnownFileType = file; path = "NotoSans-Bold.ttf"; sourceTree = "<group>"; };
		BED7CAFD2147A85F00730650 /* NotoSans-Regular.ttf */ = {isa = PBXFileReference; lastKnownFileType = file; path = "NotoSans-Regular.ttf"; sourceTree = "<group>"; };
		BED7CAFE2147A85F00730650 /* NotoSansCJKkr-Black.otf */ = {isa = PBXFileReference; lastKnownFileType = file; path = "NotoSansCJKkr-Black.otf"; sourceTree = "<group>"; };
		BED7CB052147B00900730650 /* CalendarPopUpViewController.swift */ = {isa = PBXFileReference; fileEncoding = 4; lastKnownFileType = sourcecode.swift; path = CalendarPopUpViewController.swift; sourceTree = "<group>"; };
		BED7CB062147B00A00730650 /* DefaultPopUpViewController.swift */ = {isa = PBXFileReference; fileEncoding = 4; lastKnownFileType = sourcecode.swift; path = DefaultPopUpViewController.swift; sourceTree = "<group>"; };
		BED7CB092147B01900730650 /* SelectTypeViewController.swift */ = {isa = PBXFileReference; fileEncoding = 4; lastKnownFileType = sourcecode.swift; path = SelectTypeViewController.swift; sourceTree = "<group>"; };
		BED7CB0A2147B01A00730650 /* TimeTableViewController.swift */ = {isa = PBXFileReference; fileEncoding = 4; lastKnownFileType = sourcecode.swift; path = TimeTableViewController.swift; sourceTree = "<group>"; };
		BED7CB0B2147B01C00730650 /* HomeViewController.swift */ = {isa = PBXFileReference; fileEncoding = 4; lastKnownFileType = sourcecode.swift; path = HomeViewController.swift; sourceTree = "<group>"; };
		BED7CB0C2147B01D00730650 /* MemberInfoViewController.swift */ = {isa = PBXFileReference; fileEncoding = 4; lastKnownFileType = sourcecode.swift; path = MemberInfoViewController.swift; sourceTree = "<group>"; };
		BED7CB0D2147B01E00730650 /* CategoryViewController.swift */ = {isa = PBXFileReference; fileEncoding = 4; lastKnownFileType = sourcecode.swift; path = CategoryViewController.swift; sourceTree = "<group>"; };
		BED7CB0E2147B01F00730650 /* MapSearchViewController.swift */ = {isa = PBXFileReference; fileEncoding = 4; lastKnownFileType = sourcecode.swift; path = MapSearchViewController.swift; sourceTree = "<group>"; };
		BED7CB0F2147B02000730650 /* NextSegue.swift */ = {isa = PBXFileReference; fileEncoding = 4; lastKnownFileType = sourcecode.swift; path = NextSegue.swift; sourceTree = "<group>"; };
		BED7CB102147B02200730650 /* SearchMemberViewController.swift */ = {isa = PBXFileReference; fileEncoding = 4; lastKnownFileType = sourcecode.swift; path = SearchMemberViewController.swift; sourceTree = "<group>"; };
		BED7CB112147B02200730650 /* RankingViewController.swift */ = {isa = PBXFileReference; fileEncoding = 4; lastKnownFileType = sourcecode.swift; path = RankingViewController.swift; sourceTree = "<group>"; };
		BED7CB122147B02400730650 /* BuskingZoneMapViewController.swift */ = {isa = PBXFileReference; fileEncoding = 4; lastKnownFileType = sourcecode.swift; path = BuskingZoneMapViewController.swift; sourceTree = "<group>"; };
		BED7CB132147B02400730650 /* ReservationViewController.swift */ = {isa = PBXFileReference; fileEncoding = 4; lastKnownFileType = sourcecode.swift; path = ReservationViewController.swift; sourceTree = "<group>"; };
		BED7CB142147B02500730650 /* SignInViewController.swift */ = {isa = PBXFileReference; fileEncoding = 4; lastKnownFileType = sourcecode.swift; path = SignInViewController.swift; sourceTree = "<group>"; };
		BED7CB152147B02600730650 /* selectBoroughViewController.swift */ = {isa = PBXFileReference; fileEncoding = 4; lastKnownFileType = sourcecode.swift; path = selectBoroughViewController.swift; sourceTree = "<group>"; };
		BED7CB162147B02600730650 /* BuskingZoneListViewController.swift */ = {isa = PBXFileReference; fileEncoding = 4; lastKnownFileType = sourcecode.swift; path = BuskingZoneListViewController.swift; sourceTree = "<group>"; };
		BED7CB172147B02700730650 /* MapViewController.swift */ = {isa = PBXFileReference; fileEncoding = 4; lastKnownFileType = sourcecode.swift; path = MapViewController.swift; sourceTree = "<group>"; };
		BED7CB182147B02700730650 /* SignUpViewController.swift */ = {isa = PBXFileReference; fileEncoding = 4; lastKnownFileType = sourcecode.swift; path = SignUpViewController.swift; sourceTree = "<group>"; };
		BED7CB192147B02800730650 /* BoroughListViewController.swift */ = {isa = PBXFileReference; fileEncoding = 4; lastKnownFileType = sourcecode.swift; path = BoroughListViewController.swift; sourceTree = "<group>"; };
		BED7CB2B2147B03B00730650 /* SelectBuskingZoneCntCollectionViewCell.swift */ = {isa = PBXFileReference; fileEncoding = 4; lastKnownFileType = sourcecode.swift; path = SelectBuskingZoneCntCollectionViewCell.swift; sourceTree = "<group>"; };
		BED7CB2C2147B03C00730650 /* CalendarCollectionViewCell.swift */ = {isa = PBXFileReference; fileEncoding = 4; lastKnownFileType = sourcecode.swift; path = CalendarCollectionViewCell.swift; sourceTree = "<group>"; };
		BED7CB2D2147B03C00730650 /* selectCategoryCollectionViewCell.swift */ = {isa = PBXFileReference; fileEncoding = 4; lastKnownFileType = sourcecode.swift; path = selectCategoryCollectionViewCell.swift; sourceTree = "<group>"; };
		BED7CB2E2147B03D00730650 /* BuskingZoneCollectionViewCell.swift */ = {isa = PBXFileReference; fileEncoding = 4; lastKnownFileType = sourcecode.swift; path = BuskingZoneCollectionViewCell.swift; sourceTree = "<group>"; };
		BED7CB2F2147B03D00730650 /* RankingSelect1CollectionViewCell.swift */ = {isa = PBXFileReference; fileEncoding = 4; lastKnownFileType = sourcecode.swift; path = RankingSelect1CollectionViewCell.swift; sourceTree = "<group>"; };
		BED7CB302147B03E00730650 /* RankingMemberCollectionViewCell.swift */ = {isa = PBXFileReference; fileEncoding = 4; lastKnownFileType = sourcecode.swift; path = RankingMemberCollectionViewCell.swift; sourceTree = "<group>"; };
		BED7CB312147B03F00730650 /* MapSearchBuskingZoneCollectionViewCell.swift */ = {isa = PBXFileReference; fileEncoding = 4; lastKnownFileType = sourcecode.swift; path = MapSearchBuskingZoneCollectionViewCell.swift; sourceTree = "<group>"; };
		BED7CB322147B03F00730650 /* MemberCollectionViewCell.swift */ = {isa = PBXFileReference; fileEncoding = 4; lastKnownFileType = sourcecode.swift; path = MemberCollectionViewCell.swift; sourceTree = "<group>"; };
		BED7CB332147B04000730650 /* SelectBuskingZoneCollectionViewCell.swift */ = {isa = PBXFileReference; fileEncoding = 4; lastKnownFileType = sourcecode.swift; path = SelectBuskingZoneCollectionViewCell.swift; sourceTree = "<group>"; };
		BED7CB342147B04000730650 /* TimeTableCollectionViewCell.swift */ = {isa = PBXFileReference; fileEncoding = 4; lastKnownFileType = sourcecode.swift; path = TimeTableCollectionViewCell.swift; sourceTree = "<group>"; };
		BED7CB352147B04100730650 /* MapSearchBoroughCollectionViewCell.swift */ = {isa = PBXFileReference; fileEncoding = 4; lastKnownFileType = sourcecode.swift; path = MapSearchBoroughCollectionViewCell.swift; sourceTree = "<group>"; };
		BED7CB362147B04100730650 /* HomeCalendarCollectionViewCell.swift */ = {isa = PBXFileReference; fileEncoding = 4; lastKnownFileType = sourcecode.swift; path = HomeCalendarCollectionViewCell.swift; sourceTree = "<group>"; };
		BED7CB372147B04100730650 /* RankingSelect2CollectionViewCell.swift */ = {isa = PBXFileReference; fileEncoding = 4; lastKnownFileType = sourcecode.swift; path = RankingSelect2CollectionViewCell.swift; sourceTree = "<group>"; };
		BED7CB382147B04200730650 /* ReservationCollectionViewCell.swift */ = {isa = PBXFileReference; fileEncoding = 4; lastKnownFileType = sourcecode.swift; path = ReservationCollectionViewCell.swift; sourceTree = "<group>"; };
		BED7CB392147B04200730650 /* SelectBoroughCollectionViewCell.swift */ = {isa = PBXFileReference; fileEncoding = 4; lastKnownFileType = sourcecode.swift; path = SelectBoroughCollectionViewCell.swift; sourceTree = "<group>"; };
		BED7CB3A2147B04300730650 /* ReservationCategoryCollectionViewCell.swift */ = {isa = PBXFileReference; fileEncoding = 4; lastKnownFileType = sourcecode.swift; path = ReservationCategoryCollectionViewCell.swift; sourceTree = "<group>"; };
		BED7CB4B2147B05300730650 /* Server.swift */ = {isa = PBXFileReference; fileEncoding = 4; lastKnownFileType = sourcecode.swift; path = Server.swift; sourceTree = "<group>"; };
		BED7CB4C2147B05400730650 /* APIservice.swift */ = {isa = PBXFileReference; fileEncoding = 4; lastKnownFileType = sourcecode.swift; path = APIservice.swift; sourceTree = "<group>"; };
		BED7CB4F2147B06000730650 /* BuskingZoneListAll.swift */ = {isa = PBXFileReference; fileEncoding = 4; lastKnownFileType = sourcecode.swift; path = BuskingZoneListAll.swift; sourceTree = "<group>"; };
		BED7CB502147B06000730650 /* CurrentReservationListAll.swift */ = {isa = PBXFileReference; fileEncoding = 4; lastKnownFileType = sourcecode.swift; path = CurrentReservationListAll.swift; sourceTree = "<group>"; };
		BED7CB512147B06100730650 /* MemberList.swift */ = {isa = PBXFileReference; fileEncoding = 4; lastKnownFileType = sourcecode.swift; path = MemberList.swift; sourceTree = "<group>"; };
		BED7CB522147B06100730650 /* Member.swift */ = {isa = PBXFileReference; fileEncoding = 4; lastKnownFileType = sourcecode.swift; path = Member.swift; sourceTree = "<group>"; };
		BED7CB532147B06100730650 /* BuskingZone.swift */ = {isa = PBXFileReference; fileEncoding = 4; lastKnownFileType = sourcecode.swift; path = BuskingZone.swift; sourceTree = "<group>"; };
		BED7CB542147B06200730650 /* CustomCalendar.swift */ = {isa = PBXFileReference; fileEncoding = 4; lastKnownFileType = sourcecode.swift; path = CustomCalendar.swift; sourceTree = "<group>"; };
		BED7CB552147B06200730650 /* MemberRepresentativeBorough.swift */ = {isa = PBXFileReference; fileEncoding = 4; lastKnownFileType = sourcecode.swift; path = MemberRepresentativeBorough.swift; sourceTree = "<group>"; };
		BED7CB562147B06300730650 /* Ranking.swift */ = {isa = PBXFileReference; fileEncoding = 4; lastKnownFileType = sourcecode.swift; path = Ranking.swift; sourceTree = "<group>"; };
		BED7CB572147B06300730650 /* Borough.swift */ = {isa = PBXFileReference; fileEncoding = 4; lastKnownFileType = sourcecode.swift; path = Borough.swift; sourceTree = "<group>"; };
		BED7CB582147B06400730650 /* Reservation.swift */ = {isa = PBXFileReference; fileEncoding = 4; lastKnownFileType = sourcecode.swift; path = Reservation.swift; sourceTree = "<group>"; };
		BED7CB592147B06400730650 /* ToggleBtn.swift */ = {isa = PBXFileReference; fileEncoding = 4; lastKnownFileType = sourcecode.swift; path = ToggleBtn.swift; sourceTree = "<group>"; };
		BED7CB5A2147B06500730650 /* ReservationPossibility.swift */ = {isa = PBXFileReference; fileEncoding = 4; lastKnownFileType = sourcecode.swift; path = ReservationPossibility.swift; sourceTree = "<group>"; };
		BED7CB672147B07500730650 /* Extension.swift */ = {isa = PBXFileReference; fileEncoding = 4; lastKnownFileType = sourcecode.swift; path = Extension.swift; sourceTree = "<group>"; };
		BED7CB682147B07500730650 /* NMapViewResources.swift */ = {isa = PBXFileReference; fileEncoding = 4; lastKnownFileType = sourcecode.swift; path = NMapViewResources.swift; sourceTree = "<group>"; };
		BED7CB692147B07500730650 /* CalendarVars.swift */ = {isa = PBXFileReference; fileEncoding = 4; lastKnownFileType = sourcecode.swift; path = CalendarVars.swift; sourceTree = "<group>"; };
		BED7CB6D2147C2C300730650 /* MemberInfoBasic.swift */ = {isa = PBXFileReference; lastKnownFileType = sourcecode.swift; path = MemberInfoBasic.swift; sourceTree = "<group>"; };
		BED7CB6F2148F72800730650 /* FollowingScheduleCollectionViewCell.swift */ = {isa = PBXFileReference; lastKnownFileType = sourcecode.swift; path = FollowingScheduleCollectionViewCell.swift; sourceTree = "<group>"; };
		BED7CB712148FD1600730650 /* MyReservationCollectionViewCell.swift */ = {isa = PBXFileReference; lastKnownFileType = sourcecode.swift; path = MyReservationCollectionViewCell.swift; sourceTree = "<group>"; };
		BED7CB73214903FE00730650 /* ReviewCollectionViewCell.swift */ = {isa = PBXFileReference; lastKnownFileType = sourcecode.swift; path = ReviewCollectionViewCell.swift; sourceTree = "<group>"; };
		BED7CB752149152E00730650 /* MemberReservation.swift */ = {isa = PBXFileReference; lastKnownFileType = sourcecode.swift; path = MemberReservation.swift; sourceTree = "<group>"; };
		BED7CB772149536B00730650 /* MemberFollowingReservation.swift */ = {isa = PBXFileReference; lastKnownFileType = sourcecode.swift; path = MemberFollowingReservation.swift; sourceTree = "<group>"; };
		BED7CB7921496F0E00730650 /* ReservationDetailViewController.swift */ = {isa = PBXFileReference; lastKnownFileType = sourcecode.swift; path = ReservationDetailViewController.swift; sourceTree = "<group>"; };
		BED7CB7B21497BA500730650 /* ReservationDetailCollectionViewCell.swift */ = {isa = PBXFileReference; lastKnownFileType = sourcecode.swift; path = ReservationDetailCollectionViewCell.swift; sourceTree = "<group>"; };
/* End PBXFileReference section */

/* Begin PBXFrameworksBuildPhase section */
		BED7CA6721479C0000730650 /* Frameworks */ = {
			isa = PBXFrameworksBuildPhase;
			buildActionMask = 2147483647;
			files = (
				BED7CA8421479D7000730650 /* NMapViewerSDK.framework in Frameworks */,
				BED7CA8021479D6500730650 /* ApiGatewayMac.framework in Frameworks */,
				D9FAB110D7EF4C3CB6BD12B9 /* Pods_Seoul_Busking_iOS.framework in Frameworks */,
			);
			runOnlyForDeploymentPostprocessing = 0;
		};
/* End PBXFrameworksBuildPhase section */

/* Begin PBXGroup section */
		BAA7C4A07849DC444ACDB98B /* Frameworks */ = {
			isa = PBXGroup;
			children = (
				BED7CA8321479D6F00730650 /* NMapViewerSDK.framework */,
				0A1D4F28A6473D3C14F20FAC /* Pods_Seoul_Busking_iOS.framework */,
			);
			name = Frameworks;
			sourceTree = "<group>";
		};
		BED7CA6121479BFF00730650 = {
			isa = PBXGroup;
			children = (
				BED7CA7F21479D6500730650 /* ApiGatewayMac.framework */,
				BED7CA6C21479C0000730650 /* Seoul_Busking_iOS */,
				BED7CA6B21479C0000730650 /* Products */,
				D8B6405AF94DD00AF6679197 /* Pods */,
				BAA7C4A07849DC444ACDB98B /* Frameworks */,
			);
			sourceTree = "<group>";
		};
		BED7CA6B21479C0000730650 /* Products */ = {
			isa = PBXGroup;
			children = (
				BED7CA6A21479C0000730650 /* Seoul_Busking_iOS.app */,
			);
			name = Products;
			sourceTree = "<group>";
		};
		BED7CA6C21479C0000730650 /* Seoul_Busking_iOS */ = {
			isa = PBXGroup;
			children = (
				BED7CA8621479DBB00730650 /* NMapHeader.h */,
				BED7CA6D21479C0000730650 /* AppDelegate.swift */,
				BED7CA7921479C0100730650 /* Info.plist */,
				BED7CA8C21479E9900730650 /* StoryBoard */,
				BED7CA8B21479E8D00730650 /* PopUpViewController */,
				BED7CA8A21479E8600730650 /* ViewController */,
				BED7CA8921479E7A00730650 /* CollectionViewCell */,
				BED7CA8821479E7200730650 /* Util */,
				BED7CA8721479E6600730650 /* Asset */,
			);
			path = Seoul_Busking_iOS;
			sourceTree = "<group>";
		};
		BED7CA8721479E6600730650 /* Asset */ = {
			isa = PBXGroup;
			children = (
				BED7CA7421479C0100730650 /* Assets.xcassets */,
			);
			path = Asset;
			sourceTree = "<group>";
		};
		BED7CA8821479E7200730650 /* Util */ = {
			isa = PBXGroup;
			children = (
				BED7CA9021479F0700730650 /* Font */,
				BED7CA8F21479F0000730650 /* Service */,
				BED7CA8E21479EF900730650 /* Model */,
				BED7CA8D21479EF300730650 /* Function */,
			);
			name = Util;
			sourceTree = "<group>";
		};
		BED7CA8921479E7A00730650 /* CollectionViewCell */ = {
			isa = PBXGroup;
			children = (
				BED7CB2E2147B03D00730650 /* BuskingZoneCollectionViewCell.swift */,
				BED7CB2C2147B03C00730650 /* CalendarCollectionViewCell.swift */,
				BED7CB362147B04100730650 /* HomeCalendarCollectionViewCell.swift */,
				BED7CB352147B04100730650 /* MapSearchBoroughCollectionViewCell.swift */,
				BED7CB312147B03F00730650 /* MapSearchBuskingZoneCollectionViewCell.swift */,
				BED7CB322147B03F00730650 /* MemberCollectionViewCell.swift */,
				BED7CB302147B03E00730650 /* RankingMemberCollectionViewCell.swift */,
				BED7CB2F2147B03D00730650 /* RankingSelect1CollectionViewCell.swift */,
				BED7CB372147B04100730650 /* RankingSelect2CollectionViewCell.swift */,
				BED7CB3A2147B04300730650 /* ReservationCategoryCollectionViewCell.swift */,
				BED7CB382147B04200730650 /* ReservationCollectionViewCell.swift */,
				BED7CB392147B04200730650 /* SelectBoroughCollectionViewCell.swift */,
				BED7CB2B2147B03B00730650 /* SelectBuskingZoneCntCollectionViewCell.swift */,
				BED7CB332147B04000730650 /* SelectBuskingZoneCollectionViewCell.swift */,
				BED7CB2D2147B03C00730650 /* selectCategoryCollectionViewCell.swift */,
				BED7CB342147B04000730650 /* TimeTableCollectionViewCell.swift */,
				BED7CB6F2148F72800730650 /* FollowingScheduleCollectionViewCell.swift */,
				BED7CB712148FD1600730650 /* MyReservationCollectionViewCell.swift */,
				BED7CB73214903FE00730650 /* ReviewCollectionViewCell.swift */,
				BED7CB7B21497BA500730650 /* ReservationDetailCollectionViewCell.swift */,
				BEBE0FC4214B9D5E00B7601F /* FollowingDetailCollectionViewCell.swift */,
				BEBE0FD3214D562000B7601F /* ReviewDetailCollectionViewCell.swift */,
			);
			path = CollectionViewCell;
			sourceTree = "<group>";
		};
		BED7CA8A21479E8600730650 /* ViewController */ = {
			isa = PBXGroup;
			children = (
				BED7CB0F2147B02000730650 /* NextSegue.swift */,
				BED7CB142147B02500730650 /* SignInViewController.swift */,
				BED7CB182147B02700730650 /* SignUpViewController.swift */,
				BED7CB192147B02800730650 /* BoroughListViewController.swift */,
				BED7CB162147B02600730650 /* BuskingZoneListViewController.swift */,
				BED7CB122147B02400730650 /* BuskingZoneMapViewController.swift */,
				BED7CB0D2147B01E00730650 /* CategoryViewController.swift */,
				BED7CB0E2147B01F00730650 /* MapSearchViewController.swift */,
				BED7CB172147B02700730650 /* MapViewController.swift */,
				BED7CB152147B02600730650 /* selectBoroughViewController.swift */,
				BED7CB0B2147B01C00730650 /* HomeViewController.swift */,
				BED7CB0C2147B01D00730650 /* MemberInfoViewController.swift */,
				BED7CB112147B02200730650 /* RankingViewController.swift */,
				BED7CB132147B02400730650 /* ReservationViewController.swift */,
				BED7CB102147B02200730650 /* SearchMemberViewController.swift */,
				BED7CB092147B01900730650 /* SelectTypeViewController.swift */,
				BED7CB0A2147B01A00730650 /* TimeTableViewController.swift */,
				BED7CB7921496F0E00730650 /* ReservationDetailViewController.swift */,
				BE487985214A6E28006606C5 /* ZoneMapDetailViewController.swift */,
				BEBE0FC2214B974E00B7601F /* FollowingDetailViewController.swift */,
				BEBE0FCB214BC94400B7601F /* FollowingMemberViewController.swift */,
				BEBE0FCF214CE84500B7601F /* ReviewDetailViewController.swift */,
				BEBE0FD1214CEB4E00B7601F /* ReviewCreateViewController.swift */,
				BEBA63C7214EC2A800BBB6CE /* ModifyProfileViewController.swift */,
			);
			path = ViewController;
			sourceTree = "<group>";
		};
		BED7CA8B21479E8D00730650 /* PopUpViewController */ = {
			isa = PBXGroup;
			children = (
				BED7CB052147B00900730650 /* CalendarPopUpViewController.swift */,
				BED7CB062147B00A00730650 /* DefaultPopUpViewController.swift */,
			);
			path = PopUpViewController;
			sourceTree = "<group>";
		};
		BED7CA8C21479E9900730650 /* StoryBoard */ = {
			isa = PBXGroup;
			children = (
				BED7CA7121479C0000730650 /* Main.storyboard */,
				BED7CA7621479C0100730650 /* LaunchScreen.storyboard */,
			);
			path = StoryBoard;
			sourceTree = "<group>";
		};
		BED7CA8D21479EF300730650 /* Function */ = {
			isa = PBXGroup;
			children = (
				BED7CB692147B07500730650 /* CalendarVars.swift */,
				BED7CB672147B07500730650 /* Extension.swift */,
				BED7CB682147B07500730650 /* NMapViewResources.swift */,
			);
			name = Function;
			sourceTree = "<group>";
		};
		BED7CA8E21479EF900730650 /* Model */ = {
			isa = PBXGroup;
			children = (
				BED7CB572147B06300730650 /* Borough.swift */,
				BED7CB532147B06100730650 /* BuskingZone.swift */,
				BED7CB4F2147B06000730650 /* BuskingZoneListAll.swift */,
				BED7CB502147B06000730650 /* CurrentReservationListAll.swift */,
				BED7CB542147B06200730650 /* CustomCalendar.swift */,
				BED7CB522147B06100730650 /* Member.swift */,
				BED7CB6D2147C2C300730650 /* MemberInfoBasic.swift */,
				BED7CB512147B06100730650 /* MemberList.swift */,
				BED7CB552147B06200730650 /* MemberRepresentativeBorough.swift */,
				BED7CB562147B06300730650 /* Ranking.swift */,
				BED7CB582147B06400730650 /* Reservation.swift */,
				BED7CB5A2147B06500730650 /* ReservationPossibility.swift */,
				BED7CB592147B06400730650 /* ToggleBtn.swift */,
				BED7CB752149152E00730650 /* MemberReservation.swift */,
				BED7CB772149536B00730650 /* MemberFollowingReservation.swift */,
				BEBE0FD5214D64D400B7601F /* MemberReview.swift */,
			);
			name = Model;
			sourceTree = "<group>";
		};
		BED7CA8F21479F0000730650 /* Service */ = {
			isa = PBXGroup;
			children = (
				BED7CB4C2147B05400730650 /* APIservice.swift */,
				BED7CB4B2147B05300730650 /* Server.swift */,
			);
			name = Service;
			sourceTree = "<group>";
		};
		BED7CA9021479F0700730650 /* Font */ = {
			isa = PBXGroup;
			children = (
				BED7CAFC2147A85F00730650 /* NotoSans-Bold.ttf */,
				BED7CAFD2147A85F00730650 /* NotoSans-Regular.ttf */,
				BED7CAFE2147A85F00730650 /* NotoSansCJKkr-Black.otf */,
				BED7CAF92147A85F00730650 /* NotoSansCJKkr-Bold.otf */,
				BED7CAFB2147A85F00730650 /* NotoSansCJKkr-Medium.otf */,
				BED7CAFA2147A85F00730650 /* NotoSansCJKkr-Regular.otf */,
			);
			name = Font;
			sourceTree = "<group>";
		};
		D8B6405AF94DD00AF6679197 /* Pods */ = {
			isa = PBXGroup;
			children = (
				5F84945DD247A4E5408F57BE /* Pods-Seoul_Busking_iOS.debug.xcconfig */,
				0DD917AC851E3EF310E5C113 /* Pods-Seoul_Busking_iOS.release.xcconfig */,
			);
			name = Pods;
			sourceTree = "<group>";
		};
/* End PBXGroup section */

/* Begin PBXNativeTarget section */
		BED7CA6921479C0000730650 /* Seoul_Busking_iOS */ = {
			isa = PBXNativeTarget;
			buildConfigurationList = BED7CA7C21479C0100730650 /* Build configuration list for PBXNativeTarget "Seoul_Busking_iOS" */;
			buildPhases = (
				9EC1F5ACB593918CF4DC3ADB /* [CP] Check Pods Manifest.lock */,
				BED7CA6621479C0000730650 /* Sources */,
				BED7CA6721479C0000730650 /* Frameworks */,
				BED7CA6821479C0000730650 /* Resources */,
				59DF04B67A3B10632AED43FA /* [CP] Embed Pods Frameworks */,
				BED7CA8221479D6500730650 /* Embed Frameworks */,
				BED7CA8521479D9D00730650 /* ShellScript */,
			);
			buildRules = (
			);
			dependencies = (
			);
			name = Seoul_Busking_iOS;
			productName = Seoul_Busking_iOS;
			productReference = BED7CA6A21479C0000730650 /* Seoul_Busking_iOS.app */;
			productType = "com.apple.product-type.application";
		};
/* End PBXNativeTarget section */

/* Begin PBXProject section */
		BED7CA6221479BFF00730650 /* Project object */ = {
			isa = PBXProject;
			attributes = {
				LastSwiftUpdateCheck = 0940;
				LastUpgradeCheck = 0940;
				ORGANIZATIONNAME = "박현호";
				TargetAttributes = {
					BED7CA6921479C0000730650 = {
						CreatedOnToolsVersion = 9.4.1;
					};
				};
			};
			buildConfigurationList = BED7CA6521479C0000730650 /* Build configuration list for PBXProject "Seoul_Busking_iOS" */;
			compatibilityVersion = "Xcode 9.3";
			developmentRegion = en;
			hasScannedForEncodings = 0;
			knownRegions = (
				en,
				Base,
			);
			mainGroup = BED7CA6121479BFF00730650;
			productRefGroup = BED7CA6B21479C0000730650 /* Products */;
			projectDirPath = "";
			projectRoot = "";
			targets = (
				BED7CA6921479C0000730650 /* Seoul_Busking_iOS */,
			);
		};
/* End PBXProject section */

/* Begin PBXResourcesBuildPhase section */
		BED7CA6821479C0000730650 /* Resources */ = {
			isa = PBXResourcesBuildPhase;
			buildActionMask = 2147483647;
			files = (
				BED7CB002147A85F00730650 /* NotoSansCJKkr-Regular.otf in Resources */,
				BED7CA7821479C0100730650 /* LaunchScreen.storyboard in Resources */,
				BED7CB042147A85F00730650 /* NotoSansCJKkr-Black.otf in Resources */,
				BED7CAFF2147A85F00730650 /* NotoSansCJKkr-Bold.otf in Resources */,
				BED7CB022147A85F00730650 /* NotoSans-Bold.ttf in Resources */,
				BED7CB032147A85F00730650 /* NotoSans-Regular.ttf in Resources */,
				BED7CA7521479C0100730650 /* Assets.xcassets in Resources */,
				BED7CA7321479C0000730650 /* Main.storyboard in Resources */,
				BED7CB012147A85F00730650 /* NotoSansCJKkr-Medium.otf in Resources */,
			);
			runOnlyForDeploymentPostprocessing = 0;
		};
/* End PBXResourcesBuildPhase section */

/* Begin PBXShellScriptBuildPhase section */
		59DF04B67A3B10632AED43FA /* [CP] Embed Pods Frameworks */ = {
			isa = PBXShellScriptBuildPhase;
			buildActionMask = 2147483647;
			files = (
			);
			inputPaths = (
				"${SRCROOT}/Pods/Target Support Files/Pods-Seoul_Busking_iOS/Pods-Seoul_Busking_iOS-frameworks.sh",
				"${BUILT_PRODUCTS_DIR}/Alamofire/Alamofire.framework",
				"${BUILT_PRODUCTS_DIR}/Kingfisher/Kingfisher.framework",
				"${BUILT_PRODUCTS_DIR}/ObjectMapper/ObjectMapper.framework",
				"${BUILT_PRODUCTS_DIR}/SwiftyJSON/SwiftyJSON.framework",
			);
			name = "[CP] Embed Pods Frameworks";
			outputPaths = (
				"${TARGET_BUILD_DIR}/${FRAMEWORKS_FOLDER_PATH}/Alamofire.framework",
				"${TARGET_BUILD_DIR}/${FRAMEWORKS_FOLDER_PATH}/Kingfisher.framework",
				"${TARGET_BUILD_DIR}/${FRAMEWORKS_FOLDER_PATH}/ObjectMapper.framework",
				"${TARGET_BUILD_DIR}/${FRAMEWORKS_FOLDER_PATH}/SwiftyJSON.framework",
			);
			runOnlyForDeploymentPostprocessing = 0;
			shellPath = /bin/sh;
			shellScript = "\"${SRCROOT}/Pods/Target Support Files/Pods-Seoul_Busking_iOS/Pods-Seoul_Busking_iOS-frameworks.sh\"\n";
			showEnvVarsInLog = 0;
		};
		9EC1F5ACB593918CF4DC3ADB /* [CP] Check Pods Manifest.lock */ = {
			isa = PBXShellScriptBuildPhase;
			buildActionMask = 2147483647;
			files = (
			);
			inputPaths = (
				"${PODS_PODFILE_DIR_PATH}/Podfile.lock",
				"${PODS_ROOT}/Manifest.lock",
			);
			name = "[CP] Check Pods Manifest.lock";
			outputPaths = (
				"$(DERIVED_FILE_DIR)/Pods-Seoul_Busking_iOS-checkManifestLockResult.txt",
			);
			runOnlyForDeploymentPostprocessing = 0;
			shellPath = /bin/sh;
			shellScript = "diff \"${PODS_PODFILE_DIR_PATH}/Podfile.lock\" \"${PODS_ROOT}/Manifest.lock\" > /dev/null\nif [ $? != 0 ] ; then\n    # print error to STDERR\n    echo \"error: The sandbox is not in sync with the Podfile.lock. Run 'pod install' or update your CocoaPods installation.\" >&2\n    exit 1\nfi\n# This output is used by Xcode 'outputs' to avoid re-running this script phase.\necho \"SUCCESS\" > \"${SCRIPT_OUTPUT_FILE_0}\"\n";
			showEnvVarsInLog = 0;
		};
		BED7CA8521479D9D00730650 /* ShellScript */ = {
			isa = PBXShellScriptBuildPhase;
			buildActionMask = 2147483647;
			files = (
			);
			inputPaths = (
			);
			outputPaths = (
			);
			runOnlyForDeploymentPostprocessing = 0;
			shellPath = /bin/sh;
			shellScript = "sh Scripts/strip-frameworks.sh";
		};
/* End PBXShellScriptBuildPhase section */

/* Begin PBXSourcesBuildPhase section */
		BED7CA6621479C0000730650 /* Sources */ = {
			isa = PBXSourcesBuildPhase;
			buildActionMask = 2147483647;
			files = (
				BED7CB462147B04300730650 /* HomeCalendarCollectionViewCell.swift in Sources */,
				BEBE0FD2214CEB4E00B7601F /* ReviewCreateViewController.swift in Sources */,
				BED7CB272147B02800730650 /* BuskingZoneListViewController.swift in Sources */,
				BED7CB212147B02800730650 /* SearchMemberViewController.swift in Sources */,
				BED7CB292147B02800730650 /* SignUpViewController.swift in Sources */,
				BED7CB74214903FE00730650 /* ReviewCollectionViewCell.swift in Sources */,
				BED7CB6B2147B07500730650 /* NMapViewResources.swift in Sources */,
				BED7CB652147B06500730650 /* ToggleBtn.swift in Sources */,
				BED7CB4A2147B04300730650 /* ReservationCategoryCollectionViewCell.swift in Sources */,
				BED7CB2A2147B02800730650 /* BoroughListViewController.swift in Sources */,
				BED7CB1C2147B02800730650 /* HomeViewController.swift in Sources */,
				BED7CB242147B02800730650 /* ReservationViewController.swift in Sources */,
				BED7CB482147B04300730650 /* ReservationCollectionViewCell.swift in Sources */,
				BED7CB262147B02800730650 /* selectBoroughViewController.swift in Sources */,
				BED7CB282147B02800730650 /* MapViewController.swift in Sources */,
				BED7CB762149152E00730650 /* MemberReservation.swift in Sources */,
				BED7CB1B2147B02800730650 /* TimeTableViewController.swift in Sources */,
				BED7CB4D2147B05400730650 /* Server.swift in Sources */,
				BED7CB402147B04300730650 /* RankingMemberCollectionViewCell.swift in Sources */,
				BE487986214A6E28006606C5 /* ZoneMapDetailViewController.swift in Sources */,
				BED7CB632147B06500730650 /* Borough.swift in Sources */,
				BED7CB602147B06500730650 /* CustomCalendar.swift in Sources */,
				BED7CB612147B06500730650 /* MemberRepresentativeBorough.swift in Sources */,
				BED7CB442147B04300730650 /* TimeTableCollectionViewCell.swift in Sources */,
				BED7CB6E2147C2C300730650 /* MemberInfoBasic.swift in Sources */,
				BED7CB222147B02800730650 /* RankingViewController.swift in Sources */,
				BED7CB3B2147B04300730650 /* SelectBuskingZoneCntCollectionViewCell.swift in Sources */,
				BED7CB472147B04300730650 /* RankingSelect2CollectionViewCell.swift in Sources */,
				BED7CB3E2147B04300730650 /* BuskingZoneCollectionViewCell.swift in Sources */,
				BEBE0FD6214D64D400B7601F /* MemberReview.swift in Sources */,
				BED7CB5F2147B06500730650 /* BuskingZone.swift in Sources */,
				BED7CB5D2147B06500730650 /* MemberList.swift in Sources */,
				BED7CB1D2147B02800730650 /* MemberInfoViewController.swift in Sources */,
				BED7CB642147B06500730650 /* Reservation.swift in Sources */,
				BED7CB082147B00A00730650 /* DefaultPopUpViewController.swift in Sources */,
				BED7CB3D2147B04300730650 /* selectCategoryCollectionViewCell.swift in Sources */,
				BED7CB5B2147B06500730650 /* BuskingZoneListAll.swift in Sources */,
				BED7CB622147B06500730650 /* Ranking.swift in Sources */,
				BEBE0FD0214CE84500B7601F /* ReviewDetailViewController.swift in Sources */,
				BED7CB6C2147B07500730650 /* CalendarVars.swift in Sources */,
				BED7CA6E21479C0000730650 /* AppDelegate.swift in Sources */,
				BED7CB202147B02800730650 /* NextSegue.swift in Sources */,
				BED7CB452147B04300730650 /* MapSearchBoroughCollectionViewCell.swift in Sources */,
				BED7CB782149536B00730650 /* MemberFollowingReservation.swift in Sources */,
				BED7CB6A2147B07500730650 /* Extension.swift in Sources */,
				BED7CB1A2147B02800730650 /* SelectTypeViewController.swift in Sources */,
				BED7CB722148FD1600730650 /* MyReservationCollectionViewCell.swift in Sources */,
				BED7CB3F2147B04300730650 /* RankingSelect1CollectionViewCell.swift in Sources */,
				BEBE0FD4214D562000B7601F /* ReviewDetailCollectionViewCell.swift in Sources */,
				BEBE0FC5214B9D5E00B7601F /* FollowingDetailCollectionViewCell.swift in Sources */,
				BED7CB5C2147B06500730650 /* CurrentReservationListAll.swift in Sources */,
				BED7CB412147B04300730650 /* MapSearchBuskingZoneCollectionViewCell.swift in Sources */,
				BEBA63C8214EC2A800BBB6CE /* ModifyProfileViewController.swift in Sources */,
				BED7CB5E2147B06500730650 /* Member.swift in Sources */,
				BED7CB4E2147B05400730650 /* APIservice.swift in Sources */,
				BED7CB7C21497BA500730650 /* ReservationDetailCollectionViewCell.swift in Sources */,
				BED7CB1F2147B02800730650 /* MapSearchViewController.swift in Sources */,
				BED7CB1E2147B02800730650 /* CategoryViewController.swift in Sources */,
				BED7CB492147B04300730650 /* SelectBoroughCollectionViewCell.swift in Sources */,
				BED7CB3C2147B04300730650 /* CalendarCollectionViewCell.swift in Sources */,
				BED7CB7A21496F0E00730650 /* ReservationDetailViewController.swift in Sources */,
				BED7CB072147B00A00730650 /* CalendarPopUpViewController.swift in Sources */,
				BED7CB432147B04300730650 /* SelectBuskingZoneCollectionViewCell.swift in Sources */,
				BED7CB662147B06500730650 /* ReservationPossibility.swift in Sources */,
				BEBE0FC3214B974F00B7601F /* FollowingDetailViewController.swift in Sources */,
				BED7CB422147B04300730650 /* MemberCollectionViewCell.swift in Sources */,
				BED7CB252147B02800730650 /* SignInViewController.swift in Sources */,
				BED7CB702148F72800730650 /* FollowingScheduleCollectionViewCell.swift in Sources */,
				BEBE0FCC214BC94400B7601F /* FollowingMemberViewController.swift in Sources */,
				BED7CB232147B02800730650 /* BuskingZoneMapViewController.swift in Sources */,
			);
			runOnlyForDeploymentPostprocessing = 0;
		};
/* End PBXSourcesBuildPhase section */

/* Begin PBXVariantGroup section */
		BED7CA7121479C0000730650 /* Main.storyboard */ = {
			isa = PBXVariantGroup;
			children = (
				BED7CA7221479C0000730650 /* Base */,
			);
			name = Main.storyboard;
			sourceTree = "<group>";
		};
		BED7CA7621479C0100730650 /* LaunchScreen.storyboard */ = {
			isa = PBXVariantGroup;
			children = (
				BED7CA7721479C0100730650 /* Base */,
			);
			name = LaunchScreen.storyboard;
			sourceTree = "<group>";
		};
/* End PBXVariantGroup section */

/* Begin XCBuildConfiguration section */
		BED7CA7A21479C0100730650 /* Debug */ = {
			isa = XCBuildConfiguration;
			buildSettings = {
				ALWAYS_SEARCH_USER_PATHS = NO;
				CLANG_ANALYZER_NONNULL = YES;
				CLANG_ANALYZER_NUMBER_OBJECT_CONVERSION = YES_AGGRESSIVE;
				CLANG_CXX_LANGUAGE_STANDARD = "gnu++14";
				CLANG_CXX_LIBRARY = "libc++";
				CLANG_ENABLE_MODULES = YES;
				CLANG_ENABLE_OBJC_ARC = YES;
				CLANG_ENABLE_OBJC_WEAK = YES;
				CLANG_WARN_BLOCK_CAPTURE_AUTORELEASING = YES;
				CLANG_WARN_BOOL_CONVERSION = YES;
				CLANG_WARN_COMMA = YES;
				CLANG_WARN_CONSTANT_CONVERSION = YES;
				CLANG_WARN_DEPRECATED_OBJC_IMPLEMENTATIONS = YES;
				CLANG_WARN_DIRECT_OBJC_ISA_USAGE = YES_ERROR;
				CLANG_WARN_DOCUMENTATION_COMMENTS = YES;
				CLANG_WARN_EMPTY_BODY = YES;
				CLANG_WARN_ENUM_CONVERSION = YES;
				CLANG_WARN_INFINITE_RECURSION = YES;
				CLANG_WARN_INT_CONVERSION = YES;
				CLANG_WARN_NON_LITERAL_NULL_CONVERSION = YES;
				CLANG_WARN_OBJC_IMPLICIT_RETAIN_SELF = YES;
				CLANG_WARN_OBJC_LITERAL_CONVERSION = YES;
				CLANG_WARN_OBJC_ROOT_CLASS = YES_ERROR;
				CLANG_WARN_RANGE_LOOP_ANALYSIS = YES;
				CLANG_WARN_STRICT_PROTOTYPES = YES;
				CLANG_WARN_SUSPICIOUS_MOVE = YES;
				CLANG_WARN_UNGUARDED_AVAILABILITY = YES_AGGRESSIVE;
				CLANG_WARN_UNREACHABLE_CODE = YES;
				CLANG_WARN__DUPLICATE_METHOD_MATCH = YES;
				CODE_SIGN_IDENTITY = "iPhone Developer";
				COPY_PHASE_STRIP = NO;
				DEBUG_INFORMATION_FORMAT = dwarf;
				ENABLE_STRICT_OBJC_MSGSEND = YES;
				ENABLE_TESTABILITY = YES;
				GCC_C_LANGUAGE_STANDARD = gnu11;
				GCC_DYNAMIC_NO_PIC = NO;
				GCC_NO_COMMON_BLOCKS = YES;
				GCC_OPTIMIZATION_LEVEL = 0;
				GCC_PREPROCESSOR_DEFINITIONS = (
					"DEBUG=1",
					"$(inherited)",
				);
				GCC_WARN_64_TO_32_BIT_CONVERSION = YES;
				GCC_WARN_ABOUT_RETURN_TYPE = YES_ERROR;
				GCC_WARN_UNDECLARED_SELECTOR = YES;
				GCC_WARN_UNINITIALIZED_AUTOS = YES_AGGRESSIVE;
				GCC_WARN_UNUSED_FUNCTION = YES;
				GCC_WARN_UNUSED_VARIABLE = YES;
				IPHONEOS_DEPLOYMENT_TARGET = 11.4;
				MTL_ENABLE_DEBUG_INFO = YES;
				ONLY_ACTIVE_ARCH = YES;
				SDKROOT = iphoneos;
				SWIFT_ACTIVE_COMPILATION_CONDITIONS = DEBUG;
				SWIFT_OPTIMIZATION_LEVEL = "-Onone";
			};
			name = Debug;
		};
		BED7CA7B21479C0100730650 /* Release */ = {
			isa = XCBuildConfiguration;
			buildSettings = {
				ALWAYS_SEARCH_USER_PATHS = NO;
				CLANG_ANALYZER_NONNULL = YES;
				CLANG_ANALYZER_NUMBER_OBJECT_CONVERSION = YES_AGGRESSIVE;
				CLANG_CXX_LANGUAGE_STANDARD = "gnu++14";
				CLANG_CXX_LIBRARY = "libc++";
				CLANG_ENABLE_MODULES = YES;
				CLANG_ENABLE_OBJC_ARC = YES;
				CLANG_ENABLE_OBJC_WEAK = YES;
				CLANG_WARN_BLOCK_CAPTURE_AUTORELEASING = YES;
				CLANG_WARN_BOOL_CONVERSION = YES;
				CLANG_WARN_COMMA = YES;
				CLANG_WARN_CONSTANT_CONVERSION = YES;
				CLANG_WARN_DEPRECATED_OBJC_IMPLEMENTATIONS = YES;
				CLANG_WARN_DIRECT_OBJC_ISA_USAGE = YES_ERROR;
				CLANG_WARN_DOCUMENTATION_COMMENTS = YES;
				CLANG_WARN_EMPTY_BODY = YES;
				CLANG_WARN_ENUM_CONVERSION = YES;
				CLANG_WARN_INFINITE_RECURSION = YES;
				CLANG_WARN_INT_CONVERSION = YES;
				CLANG_WARN_NON_LITERAL_NULL_CONVERSION = YES;
				CLANG_WARN_OBJC_IMPLICIT_RETAIN_SELF = YES;
				CLANG_WARN_OBJC_LITERAL_CONVERSION = YES;
				CLANG_WARN_OBJC_ROOT_CLASS = YES_ERROR;
				CLANG_WARN_RANGE_LOOP_ANALYSIS = YES;
				CLANG_WARN_STRICT_PROTOTYPES = YES;
				CLANG_WARN_SUSPICIOUS_MOVE = YES;
				CLANG_WARN_UNGUARDED_AVAILABILITY = YES_AGGRESSIVE;
				CLANG_WARN_UNREACHABLE_CODE = YES;
				CLANG_WARN__DUPLICATE_METHOD_MATCH = YES;
				CODE_SIGN_IDENTITY = "iPhone Developer";
				COPY_PHASE_STRIP = NO;
				DEBUG_INFORMATION_FORMAT = "dwarf-with-dsym";
				ENABLE_NS_ASSERTIONS = NO;
				ENABLE_STRICT_OBJC_MSGSEND = YES;
				GCC_C_LANGUAGE_STANDARD = gnu11;
				GCC_NO_COMMON_BLOCKS = YES;
				GCC_WARN_64_TO_32_BIT_CONVERSION = YES;
				GCC_WARN_ABOUT_RETURN_TYPE = YES_ERROR;
				GCC_WARN_UNDECLARED_SELECTOR = YES;
				GCC_WARN_UNINITIALIZED_AUTOS = YES_AGGRESSIVE;
				GCC_WARN_UNUSED_FUNCTION = YES;
				GCC_WARN_UNUSED_VARIABLE = YES;
				IPHONEOS_DEPLOYMENT_TARGET = 11.4;
				MTL_ENABLE_DEBUG_INFO = NO;
				SDKROOT = iphoneos;
				SWIFT_COMPILATION_MODE = wholemodule;
				SWIFT_OPTIMIZATION_LEVEL = "-O";
				VALIDATE_PRODUCT = YES;
			};
			name = Release;
		};
		BED7CA7D21479C0100730650 /* Debug */ = {
			isa = XCBuildConfiguration;
			baseConfigurationReference = 5F84945DD247A4E5408F57BE /* Pods-Seoul_Busking_iOS.debug.xcconfig */;
			buildSettings = {
				ASSETCATALOG_COMPILER_APPICON_NAME = AppIcon;
				CODE_SIGN_STYLE = Automatic;
				DEVELOPMENT_TEAM = 7968857L98;
				FRAMEWORK_SEARCH_PATHS = (
					"$(inherited)",
					"$(PROJECT_DIR)/Frameworks",
				);
				INFOPLIST_FILE = Seoul_Busking_iOS/Info.plist;
				LD_RUNPATH_SEARCH_PATHS = (
					"$(inherited)",
					"@executable_path/Frameworks",
				);
				OTHER_LDFLAGS = (
					"$(inherited)",
					"-framework",
					"\"Alamofire\"",
					"-framework",
					"\"Kingfisher\"",
					"-framework",
					"\"ObjectMapper\"",
					"-framework",
					"\"SwiftyJSON\"",
					"-ObjC",
					"-lxml2",
				);
				PRODUCT_BUNDLE_IDENTIFIER = "com-hyunho.Seoul-Busking-iOS";
				PRODUCT_NAME = "$(TARGET_NAME)";
				SWIFT_OBJC_BRIDGING_HEADER = "$(PROJECT_NAME)/NMapHeader.h";
				SWIFT_VERSION = 4.0;
				TARGETED_DEVICE_FAMILY = "1,2";
			};
			name = Debug;
		};
		BED7CA7E21479C0100730650 /* Release */ = {
			isa = XCBuildConfiguration;
			baseConfigurationReference = 0DD917AC851E3EF310E5C113 /* Pods-Seoul_Busking_iOS.release.xcconfig */;
			buildSettings = {
				ASSETCATALOG_COMPILER_APPICON_NAME = AppIcon;
				CODE_SIGN_STYLE = Automatic;
				DEVELOPMENT_TEAM = 7968857L98;
				FRAMEWORK_SEARCH_PATHS = (
					"$(inherited)",
					"$(PROJECT_DIR)/Frameworks",
				);
				INFOPLIST_FILE = Seoul_Busking_iOS/Info.plist;
				LD_RUNPATH_SEARCH_PATHS = (
					"$(inherited)",
					"@executable_path/Frameworks",
				);
				OTHER_LDFLAGS = (
					"$(inherited)",
					"-framework",
					"\"Alamofire\"",
					"-framework",
					"\"Kingfisher\"",
					"-framework",
					"\"ObjectMapper\"",
					"-framework",
					"\"SwiftyJSON\"",
					"-ObjC",
					"-lxml2",
				);
				PRODUCT_BUNDLE_IDENTIFIER = "com-hyunho.Seoul-Busking-iOS";
				PRODUCT_NAME = "$(TARGET_NAME)";
				SWIFT_OBJC_BRIDGING_HEADER = "$(PROJECT_NAME)/NMapHeader.h";
				SWIFT_VERSION = 4.0;
				TARGETED_DEVICE_FAMILY = "1,2";
			};
			name = Release;
		};
/* End XCBuildConfiguration section */

/* Begin XCConfigurationList section */
		BED7CA6521479C0000730650 /* Build configuration list for PBXProject "Seoul_Busking_iOS" */ = {
			isa = XCConfigurationList;
			buildConfigurations = (
				BED7CA7A21479C0100730650 /* Debug */,
				BED7CA7B21479C0100730650 /* Release */,
			);
			defaultConfigurationIsVisible = 0;
			defaultConfigurationName = Release;
		};
		BED7CA7C21479C0100730650 /* Build configuration list for PBXNativeTarget "Seoul_Busking_iOS" */ = {
			isa = XCConfigurationList;
			buildConfigurations = (
				BED7CA7D21479C0100730650 /* Debug */,
				BED7CA7E21479C0100730650 /* Release */,
			);
			defaultConfigurationIsVisible = 0;
			defaultConfigurationName = Release;
		};
/* End XCConfigurationList section */
	};
	rootObject = BED7CA6221479BFF00730650 /* Project object */;
}
